// !$*UTF8*$!
{
	archiveVersion = 1;
	classes = {
	};
	objectVersion = 56;
	objects = {

/* Begin PBXBuildFile section */
		601C2AF92E0B3EA500D41A1C /* MapaMarmiteiros.swift in Sources */ = {isa = PBXBuildFile; fileRef = 601C2AF52E0B3EA500D41A1C /* MapaMarmiteiros.swift */; };
		601C2AFA2E0B3EA500D41A1C /* InformacoesMarmiteiros.swift in Sources */ = {isa = PBXBuildFile; fileRef = 601C2AF62E0B3EA500D41A1C /* InformacoesMarmiteiros.swift */; };
		601C2AFC2E0B3EA500D41A1C /* ListaMarmiteiros.swift in Sources */ = {isa = PBXBuildFile; fileRef = 601C2AF82E0B3EA500D41A1C /* ListaMarmiteiros.swift */; };
		601C2AFE2E0B3FDE00D41A1C /* Cardapio.swift in Sources */ = {isa = PBXBuildFile; fileRef = 601C2AFD2E0B3FDE00D41A1C /* Cardapio.swift */; };
		60A3675D2E09CEA4003C72BB /* UnifoodApp.swift in Sources */ = {isa = PBXBuildFile; fileRef = 60A3675C2E09CEA4003C72BB /* UnifoodApp.swift */; };
		60A3675F2E09CEA4003C72BB /* ContentView.swift in Sources */ = {isa = PBXBuildFile; fileRef = 60A3675E2E09CEA4003C72BB /* ContentView.swift */; };
		60A367612E09CEA5003C72BB /* Assets.xcassets in Resources */ = {isa = PBXBuildFile; fileRef = 60A367602E09CEA5003C72BB /* Assets.xcassets */; };
		60A367642E09CEA5003C72BB /* Preview Assets.xcassets in Resources */ = {isa = PBXBuildFile; fileRef = 60A367632E09CEA5003C72BB /* Preview Assets.xcassets */; };
		60A3676B2E09D765003C72BB /* TelaInicial.swift in Sources */ = {isa = PBXBuildFile; fileRef = 60A3676A2E09D765003C72BB /* TelaInicial.swift */; };
		60AC4B642E0C7AF600F562BE /* PerfilVendendorAPI.swift in Sources */ = {isa = PBXBuildFile; fileRef = 60AC4B5D2E0C7AF600F562BE /* PerfilVendendorAPI.swift */; };
		60AC4B652E0C7AF600F562BE /* LogoView.swift in Sources */ = {isa = PBXBuildFile; fileRef = 60AC4B5E2E0C7AF600F562BE /* LogoView.swift */; };
		60AC4B662E0C7AF600F562BE /* InicioView.swift in Sources */ = {isa = PBXBuildFile; fileRef = 60AC4B5F2E0C7AF600F562BE /* InicioView.swift */; };
		60AC4B672E0C7AF600F562BE /* Perfil.swift in Sources */ = {isa = PBXBuildFile; fileRef = 60AC4B602E0C7AF600F562BE /* Perfil.swift */; };
		60AC4B682E0C7AF600F562BE /* Estoque.swift in Sources */ = {isa = PBXBuildFile; fileRef = 60AC4B612E0C7AF600F562BE /* Estoque.swift */; };
		60AC4B692E0C7AF600F562BE /* PerfilVendedor.swift in Sources */ = {isa = PBXBuildFile; fileRef = 60AC4B622E0C7AF600F562BE /* PerfilVendedor.swift */; };
		6A8EBC1B2E0C345E0085C1AA /* ViewModel.swift in Sources */ = {isa = PBXBuildFile; fileRef = 6A8EBC1A2E0C34580085C1AA /* ViewModel.swift */; };
		6A8EBC1D2E0C35C50085C1AA /* Model.swift in Sources */ = {isa = PBXBuildFile; fileRef = 6A8EBC1C2E0C35C20085C1AA /* Model.swift */; };
		C0BB31762E0DCCB70058C013 /* MainTabView.swift in Sources */ = {isa = PBXBuildFile; fileRef = C0BB31752E0DCCB70058C013 /* MainTabView.swift */; };
/* End PBXBuildFile section */

/* Begin PBXFileReference section */
		601C2AF52E0B3EA500D41A1C /* MapaMarmiteiros.swift */ = {isa = PBXFileReference; fileEncoding = 4; lastKnownFileType = sourcecode.swift; path = MapaMarmiteiros.swift; sourceTree = "<group>"; };
		601C2AF62E0B3EA500D41A1C /* InformacoesMarmiteiros.swift */ = {isa = PBXFileReference; fileEncoding = 4; lastKnownFileType = sourcecode.swift; path = InformacoesMarmiteiros.swift; sourceTree = "<group>"; };
		601C2AF82E0B3EA500D41A1C /* ListaMarmiteiros.swift */ = {isa = PBXFileReference; fileEncoding = 4; lastKnownFileType = sourcecode.swift; path = ListaMarmiteiros.swift; sourceTree = "<group>"; };
		601C2AFD2E0B3FDE00D41A1C /* Cardapio.swift */ = {isa = PBXFileReference; lastKnownFileType = sourcecode.swift; path = Cardapio.swift; sourceTree = "<group>"; };
		60A367592E09CEA4003C72BB /* Unifood.app */ = {isa = PBXFileReference; explicitFileType = wrapper.application; includeInIndex = 0; path = Unifood.app; sourceTree = BUILT_PRODUCTS_DIR; };
		60A3675C2E09CEA4003C72BB /* UnifoodApp.swift */ = {isa = PBXFileReference; lastKnownFileType = sourcecode.swift; path = UnifoodApp.swift; sourceTree = "<group>"; };
		60A3675E2E09CEA4003C72BB /* ContentView.swift */ = {isa = PBXFileReference; lastKnownFileType = sourcecode.swift; path = ContentView.swift; sourceTree = "<group>"; };
		60A367602E09CEA5003C72BB /* Assets.xcassets */ = {isa = PBXFileReference; lastKnownFileType = folder.assetcatalog; path = Assets.xcassets; sourceTree = "<group>"; };
		60A367632E09CEA5003C72BB /* Preview Assets.xcassets */ = {isa = PBXFileReference; lastKnownFileType = folder.assetcatalog; path = "Preview Assets.xcassets"; sourceTree = "<group>"; };
		60A3676A2E09D765003C72BB /* TelaInicial.swift */ = {isa = PBXFileReference; lastKnownFileType = sourcecode.swift; path = TelaInicial.swift; sourceTree = "<group>"; };
		60AC4B5D2E0C7AF600F562BE /* PerfilVendendorAPI.swift */ = {isa = PBXFileReference; fileEncoding = 4; lastKnownFileType = sourcecode.swift; path = PerfilVendendorAPI.swift; sourceTree = "<group>"; };
		60AC4B5E2E0C7AF600F562BE /* LogoView.swift */ = {isa = PBXFileReference; fileEncoding = 4; lastKnownFileType = sourcecode.swift; path = LogoView.swift; sourceTree = "<group>"; };
		60AC4B5F2E0C7AF600F562BE /* InicioView.swift */ = {isa = PBXFileReference; fileEncoding = 4; lastKnownFileType = sourcecode.swift; path = InicioView.swift; sourceTree = "<group>"; };
		60AC4B602E0C7AF600F562BE /* Perfil.swift */ = {isa = PBXFileReference; fileEncoding = 4; lastKnownFileType = sourcecode.swift; path = Perfil.swift; sourceTree = "<group>"; };
		60AC4B612E0C7AF600F562BE /* Estoque.swift */ = {isa = PBXFileReference; fileEncoding = 4; lastKnownFileType = sourcecode.swift; path = Estoque.swift; sourceTree = "<group>"; };
		60AC4B622E0C7AF600F562BE /* PerfilVendedor.swift */ = {isa = PBXFileReference; fileEncoding = 4; lastKnownFileType = sourcecode.swift; path = PerfilVendedor.swift; sourceTree = "<group>"; };
		6A8EBC1A2E0C34580085C1AA /* ViewModel.swift */ = {isa = PBXFileReference; lastKnownFileType = sourcecode.swift; path = ViewModel.swift; sourceTree = "<group>"; };
		6A8EBC1C2E0C35C20085C1AA /* Model.swift */ = {isa = PBXFileReference; lastKnownFileType = sourcecode.swift; path = Model.swift; sourceTree = "<group>"; };
		C0BB31752E0DCCB70058C013 /* MainTabView.swift */ = {isa = PBXFileReference; lastKnownFileType = sourcecode.swift; path = MainTabView.swift; sourceTree = "<group>"; };
/* End PBXFileReference section */

/* Begin PBXFrameworksBuildPhase section */
		60A367562E09CEA4003C72BB /* Frameworks */ = {
			isa = PBXFrameworksBuildPhase;
			buildActionMask = 2147483647;
			files = (
			);
			runOnlyForDeploymentPostprocessing = 0;
		};
/* End PBXFrameworksBuildPhase section */

/* Begin PBXGroup section */
		60A367502E09CEA4003C72BB = {
			isa = PBXGroup;
			children = (
				60A3675B2E09CEA4003C72BB /* Unifood */,
				60A3675A2E09CEA4003C72BB /* Products */,
			);
			sourceTree = "<group>";
		};
		60A3675A2E09CEA4003C72BB /* Products */ = {
			isa = PBXGroup;
			children = (
				60A367592E09CEA4003C72BB /* Unifood.app */,
			);
			name = Products;
			sourceTree = "<group>";
		};
		60A3675B2E09CEA4003C72BB /* Unifood */ = {
			isa = PBXGroup;
			children = (
				C0BB31752E0DCCB70058C013 /* MainTabView.swift */,
				6A8EBC1C2E0C35C20085C1AA /* Model.swift */,
				6A8EBC1A2E0C34580085C1AA /* ViewModel.swift */,
				60AC4B612E0C7AF600F562BE /* Estoque.swift */,
				60AC4B5F2E0C7AF600F562BE /* InicioView.swift */,
				60AC4B5E2E0C7AF600F562BE /* LogoView.swift */,
				60AC4B602E0C7AF600F562BE /* Perfil.swift */,
				60AC4B622E0C7AF600F562BE /* PerfilVendedor.swift */,
				60AC4B5D2E0C7AF600F562BE /* PerfilVendendorAPI.swift */,
				60A3675C2E09CEA4003C72BB /* UnifoodApp.swift */,
				60A3675E2E09CEA4003C72BB /* ContentView.swift */,
				60A3676A2E09D765003C72BB /* TelaInicial.swift */,
				601C2AFD2E0B3FDE00D41A1C /* Cardapio.swift */,
				601C2AF62E0B3EA500D41A1C /* InformacoesMarmiteiros.swift */,
				601C2AF82E0B3EA500D41A1C /* ListaMarmiteiros.swift */,
				601C2AF52E0B3EA500D41A1C /* MapaMarmiteiros.swift */,
				60A367602E09CEA5003C72BB /* Assets.xcassets */,
				60A367622E09CEA5003C72BB /* Preview Content */,
			);
			path = Unifood;
			sourceTree = "<group>";
		};
		60A367622E09CEA5003C72BB /* Preview Content */ = {
			isa = PBXGroup;
			children = (
				60A367632E09CEA5003C72BB /* Preview Assets.xcassets */,
			);
			path = "Preview Content";
			sourceTree = "<group>";
		};
/* End PBXGroup section */

/* Begin PBXNativeTarget section */
		60A367582E09CEA4003C72BB /* Unifood */ = {
			isa = PBXNativeTarget;
			buildConfigurationList = 60A367672E09CEA5003C72BB /* Build configuration list for PBXNativeTarget "Unifood" */;
			buildPhases = (
				60A367552E09CEA4003C72BB /* Sources */,
				60A367562E09CEA4003C72BB /* Frameworks */,
				60A367572E09CEA4003C72BB /* Resources */,
			);
			buildRules = (
			);
			dependencies = (
			);
			name = Unifood;
			productName = Unifood;
			productReference = 60A367592E09CEA4003C72BB /* Unifood.app */;
			productType = "com.apple.product-type.application";
		};
/* End PBXNativeTarget section */

/* Begin PBXProject section */
		60A367512E09CEA4003C72BB /* Project object */ = {
			isa = PBXProject;
			attributes = {
				BuildIndependentTargetsInParallel = 1;
				LastSwiftUpdateCheck = 1540;
				LastUpgradeCheck = 1540;
				TargetAttributes = {
					60A367582E09CEA4003C72BB = {
						CreatedOnToolsVersion = 15.4;
					};
				};
			};
			buildConfigurationList = 60A367542E09CEA4003C72BB /* Build configuration list for PBXProject "Unifood" */;
			compatibilityVersion = "Xcode 14.0";
			developmentRegion = en;
			hasScannedForEncodings = 0;
			knownRegions = (
				en,
				Base,
			);
			mainGroup = 60A367502E09CEA4003C72BB;
			productRefGroup = 60A3675A2E09CEA4003C72BB /* Products */;
			projectDirPath = "";
			projectRoot = "";
			targets = (
				60A367582E09CEA4003C72BB /* Unifood */,
			);
		};
/* End PBXProject section */

/* Begin PBXResourcesBuildPhase section */
		60A367572E09CEA4003C72BB /* Resources */ = {
			isa = PBXResourcesBuildPhase;
			buildActionMask = 2147483647;
			files = (
				60A367642E09CEA5003C72BB /* Preview Assets.xcassets in Resources */,
				60A367612E09CEA5003C72BB /* Assets.xcassets in Resources */,
			);
			runOnlyForDeploymentPostprocessing = 0;
		};
/* End PBXResourcesBuildPhase section */

/* Begin PBXSourcesBuildPhase section */
		60A367552E09CEA4003C72BB /* Sources */ = {
			isa = PBXSourcesBuildPhase;
			buildActionMask = 2147483647;
			files = (
				6A8EBC1D2E0C35C50085C1AA /* Model.swift in Sources */,
				60AC4B662E0C7AF600F562BE /* InicioView.swift in Sources */,
				601C2AFC2E0B3EA500D41A1C /* ListaMarmiteiros.swift in Sources */,
				C0BB31762E0DCCB70058C013 /* MainTabView.swift in Sources */,
				60AC4B652E0C7AF600F562BE /* LogoView.swift in Sources */,
				60AC4B672E0C7AF600F562BE /* Perfil.swift in Sources */,
				60A3676B2E09D765003C72BB /* TelaInicial.swift in Sources */,
				60A3675F2E09CEA4003C72BB /* ContentView.swift in Sources */,
				60A3675D2E09CEA4003C72BB /* UnifoodApp.swift in Sources */,
				60AC4B682E0C7AF600F562BE /* Estoque.swift in Sources */,
				601C2AFE2E0B3FDE00D41A1C /* Cardapio.swift in Sources */,
				60AC4B642E0C7AF600F562BE /* PerfilVendendorAPI.swift in Sources */,
				601C2AFA2E0B3EA500D41A1C /* InformacoesMarmiteiros.swift in Sources */,
				6A8EBC1B2E0C345E0085C1AA /* ViewModel.swift in Sources */,
				601C2AF92E0B3EA500D41A1C /* MapaMarmiteiros.swift in Sources */,
				60AC4B692E0C7AF600F562BE /* PerfilVendedor.swift in Sources */,
			);
			runOnlyForDeploymentPostprocessing = 0;
		};
/* End PBXSourcesBuildPhase section */

/* Begin XCBuildConfiguration section */
		60A367652E09CEA5003C72BB /* Debug */ = {
			isa = XCBuildConfiguration;
			buildSettings = {
				ALWAYS_SEARCH_USER_PATHS = NO;
				ASSETCATALOG_COMPILER_GENERATE_SWIFT_ASSET_SYMBOL_EXTENSIONS = YES;
				CLANG_ANALYZER_NONNULL = YES;
				CLANG_ANALYZER_NUMBER_OBJECT_CONVERSION = YES_AGGRESSIVE;
				CLANG_CXX_LANGUAGE_STANDARD = "gnu++20";
				CLANG_ENABLE_MODULES = YES;
				CLANG_ENABLE_OBJC_ARC = YES;
				CLANG_ENABLE_OBJC_WEAK = YES;
				CLANG_WARN_BLOCK_CAPTURE_AUTORELEASING = YES;
				CLANG_WARN_BOOL_CONVERSION = YES;
				CLANG_WARN_COMMA = YES;
				CLANG_WARN_CONSTANT_CONVERSION = YES;
				CLANG_WARN_DEPRECATED_OBJC_IMPLEMENTATIONS = YES;
				CLANG_WARN_DIRECT_OBJC_ISA_USAGE = YES_ERROR;
				CLANG_WARN_DOCUMENTATION_COMMENTS = YES;
				CLANG_WARN_EMPTY_BODY = YES;
				CLANG_WARN_ENUM_CONVERSION = YES;
				CLANG_WARN_INFINITE_RECURSION = YES;
				CLANG_WARN_INT_CONVERSION = YES;
				CLANG_WARN_NON_LITERAL_NULL_CONVERSION = YES;
				CLANG_WARN_OBJC_IMPLICIT_RETAIN_SELF = YES;
				CLANG_WARN_OBJC_LITERAL_CONVERSION = YES;
				CLANG_WARN_OBJC_ROOT_CLASS = YES_ERROR;
				CLANG_WARN_QUOTED_INCLUDE_IN_FRAMEWORK_HEADER = YES;
				CLANG_WARN_RANGE_LOOP_ANALYSIS = YES;
				CLANG_WARN_STRICT_PROTOTYPES = YES;
				CLANG_WARN_SUSPICIOUS_MOVE = YES;
				CLANG_WARN_UNGUARDED_AVAILABILITY = YES_AGGRESSIVE;
				CLANG_WARN_UNREACHABLE_CODE = YES;
				CLANG_WARN__DUPLICATE_METHOD_MATCH = YES;
				COPY_PHASE_STRIP = NO;
				DEBUG_INFORMATION_FORMAT = dwarf;
				ENABLE_STRICT_OBJC_MSGSEND = YES;
				ENABLE_TESTABILITY = YES;
				ENABLE_USER_SCRIPT_SANDBOXING = YES;
				GCC_C_LANGUAGE_STANDARD = gnu17;
				GCC_DYNAMIC_NO_PIC = NO;
				GCC_NO_COMMON_BLOCKS = YES;
				GCC_OPTIMIZATION_LEVEL = 0;
				GCC_PREPROCESSOR_DEFINITIONS = (
					"DEBUG=1",
					"$(inherited)",
				);
				GCC_WARN_64_TO_32_BIT_CONVERSION = YES;
				GCC_WARN_ABOUT_RETURN_TYPE = YES_ERROR;
				GCC_WARN_UNDECLARED_SELECTOR = YES;
				GCC_WARN_UNINITIALIZED_AUTOS = YES_AGGRESSIVE;
				GCC_WARN_UNUSED_FUNCTION = YES;
				GCC_WARN_UNUSED_VARIABLE = YES;
				IPHONEOS_DEPLOYMENT_TARGET = 17.5;
				LOCALIZATION_PREFERS_STRING_CATALOGS = YES;
				MTL_ENABLE_DEBUG_INFO = INCLUDE_SOURCE;
				MTL_FAST_MATH = YES;
				ONLY_ACTIVE_ARCH = YES;
				SDKROOT = iphoneos;
				SWIFT_ACTIVE_COMPILATION_CONDITIONS = "DEBUG $(inherited)";
				SWIFT_OPTIMIZATION_LEVEL = "-Onone";
			};
			name = Debug;
		};
		60A367662E09CEA5003C72BB /* Release */ = {
			isa = XCBuildConfiguration;
			buildSettings = {
				ALWAYS_SEARCH_USER_PATHS = NO;
				ASSETCATALOG_COMPILER_GENERATE_SWIFT_ASSET_SYMBOL_EXTENSIONS = YES;
				CLANG_ANALYZER_NONNULL = YES;
				CLANG_ANALYZER_NUMBER_OBJECT_CONVERSION = YES_AGGRESSIVE;
				CLANG_CXX_LANGUAGE_STANDARD = "gnu++20";
				CLANG_ENABLE_MODULES = YES;
				CLANG_ENABLE_OBJC_ARC = YES;
				CLANG_ENABLE_OBJC_WEAK = YES;
				CLANG_WARN_BLOCK_CAPTURE_AUTORELEASING = YES;
				CLANG_WARN_BOOL_CONVERSION = YES;
				CLANG_WARN_COMMA = YES;
				CLANG_WARN_CONSTANT_CONVERSION = YES;
				CLANG_WARN_DEPRECATED_OBJC_IMPLEMENTATIONS = YES;
				CLANG_WARN_DIRECT_OBJC_ISA_USAGE = YES_ERROR;
				CLANG_WARN_DOCUMENTATION_COMMENTS = YES;
				CLANG_WARN_EMPTY_BODY = YES;
				CLANG_WARN_ENUM_CONVERSION = YES;
				CLANG_WARN_INFINITE_RECURSION = YES;
				CLANG_WARN_INT_CONVERSION = YES;
				CLANG_WARN_NON_LITERAL_NULL_CONVERSION = YES;
				CLANG_WARN_OBJC_IMPLICIT_RETAIN_SELF = YES;
				CLANG_WARN_OBJC_LITERAL_CONVERSION = YES;
				CLANG_WARN_OBJC_ROOT_CLASS = YES_ERROR;
				CLANG_WARN_QUOTED_INCLUDE_IN_FRAMEWORK_HEADER = YES;
				CLANG_WARN_RANGE_LOOP_ANALYSIS = YES;
				CLANG_WARN_STRICT_PROTOTYPES = YES;
				CLANG_WARN_SUSPICIOUS_MOVE = YES;
				CLANG_WARN_UNGUARDED_AVAILABILITY = YES_AGGRESSIVE;
				CLANG_WARN_UNREACHABLE_CODE = YES;
				CLANG_WARN__DUPLICATE_METHOD_MATCH = YES;
				COPY_PHASE_STRIP = NO;
				DEBUG_INFORMATION_FORMAT = "dwarf-with-dsym";
				ENABLE_NS_ASSERTIONS = NO;
				ENABLE_STRICT_OBJC_MSGSEND = YES;
				ENABLE_USER_SCRIPT_SANDBOXING = YES;
				GCC_C_LANGUAGE_STANDARD = gnu17;
				GCC_NO_COMMON_BLOCKS = YES;
				GCC_WARN_64_TO_32_BIT_CONVERSION = YES;
				GCC_WARN_ABOUT_RETURN_TYPE = YES_ERROR;
				GCC_WARN_UNDECLARED_SELECTOR = YES;
				GCC_WARN_UNINITIALIZED_AUTOS = YES_AGGRESSIVE;
				GCC_WARN_UNUSED_FUNCTION = YES;
				GCC_WARN_UNUSED_VARIABLE = YES;
				IPHONEOS_DEPLOYMENT_TARGET = 17.5;
				LOCALIZATION_PREFERS_STRING_CATALOGS = YES;
				MTL_ENABLE_DEBUG_INFO = NO;
				MTL_FAST_MATH = YES;
				SDKROOT = iphoneos;
				SWIFT_COMPILATION_MODE = wholemodule;
				VALIDATE_PRODUCT = YES;
			};
			name = Release;
		};
		60A367682E09CEA5003C72BB /* Debug */ = {
			isa = XCBuildConfiguration;
			buildSettings = {
				ASSETCATALOG_COMPILER_APPICON_NAME = AppIcon;
				ASSETCATALOG_COMPILER_GLOBAL_ACCENT_COLOR_NAME = AccentColor;
				CODE_SIGN_STYLE = Automatic;
				CURRENT_PROJECT_VERSION = 1;
				DEVELOPMENT_ASSET_PATHS = "\"Unifood/Preview Content\"";
				DEVELOPMENT_TEAM = 64ML64678S;
				ENABLE_PREVIEWS = YES;
				GENERATE_INFOPLIST_FILE = YES;
				INFOPLIST_KEY_UIApplicationSceneManifest_Generation = YES;
				INFOPLIST_KEY_UIApplicationSupportsIndirectInputEvents = YES;
				INFOPLIST_KEY_UILaunchScreen_Generation = YES;
				INFOPLIST_KEY_UISupportedInterfaceOrientations_iPad = "UIInterfaceOrientationPortrait UIInterfaceOrientationPortraitUpsideDown UIInterfaceOrientationLandscapeLeft UIInterfaceOrientationLandscapeRight";
				INFOPLIST_KEY_UISupportedInterfaceOrientations_iPhone = "UIInterfaceOrientationPortrait UIInterfaceOrientationLandscapeLeft UIInterfaceOrientationLandscapeRight";
				LD_RUNPATH_SEARCH_PATHS = (
					"$(inherited)",
					"@executable_path/Frameworks",
				);
				MARKETING_VERSION = 1.0;
				PRODUCT_BUNDLE_IDENTIFIER = unifood.Unifood;
				PRODUCT_NAME = "$(TARGET_NAME)";
				SWIFT_EMIT_LOC_STRINGS = YES;
				SWIFT_VERSION = 5.0;
				TARGETED_DEVICE_FAMILY = "1,2";
			};
			name = Debug;
		};
		60A367692E09CEA5003C72BB /* Release */ = {
			isa = XCBuildConfiguration;
			buildSettings = {
				ASSETCATALOG_COMPILER_APPICON_NAME = AppIcon;
				ASSETCATALOG_COMPILER_GLOBAL_ACCENT_COLOR_NAME = AccentColor;
				CODE_SIGN_STYLE = Automatic;
				CURRENT_PROJECT_VERSION = 1;
				DEVELOPMENT_ASSET_PATHS = "\"Unifood/Preview Content\"";
				DEVELOPMENT_TEAM = 64ML64678S;
				ENABLE_PREVIEWS = YES;
				GENERATE_INFOPLIST_FILE = YES;
				INFOPLIST_KEY_UIApplicationSceneManifest_Generation = YES;
				INFOPLIST_KEY_UIApplicationSupportsIndirectInputEvents = YES;
				INFOPLIST_KEY_UILaunchScreen_Generation = YES;
				INFOPLIST_KEY_UISupportedInterfaceOrientations_iPad = "UIInterfaceOrientationPortrait UIInterfaceOrientationPortraitUpsideDown UIInterfaceOrientationLandscapeLeft UIInterfaceOrientationLandscapeRight";
				INFOPLIST_KEY_UISupportedInterfaceOrientations_iPhone = "UIInterfaceOrientationPortrait UIInterfaceOrientationLandscapeLeft UIInterfaceOrientationLandscapeRight";
				LD_RUNPATH_SEARCH_PATHS = (
					"$(inherited)",
					"@executable_path/Frameworks",
				);
				MARKETING_VERSION = 1.0;
				PRODUCT_BUNDLE_IDENTIFIER = unifood.Unifood;
				PRODUCT_NAME = "$(TARGET_NAME)";
				SWIFT_EMIT_LOC_STRINGS = YES;
				SWIFT_VERSION = 5.0;
				TARGETED_DEVICE_FAMILY = "1,2";
			};
			name = Release;
		};
/* End XCBuildConfiguration section */

/* Begin XCConfigurationList section */
		60A367542E09CEA4003C72BB /* Build configuration list for PBXProject "Unifood" */ = {
			isa = XCConfigurationList;
			buildConfigurations = (
				60A367652E09CEA5003C72BB /* Debug */,
				60A367662E09CEA5003C72BB /* Release */,
			);
			defaultConfigurationIsVisible = 0;
			defaultConfigurationName = Release;
		};
		60A367672E09CEA5003C72BB /* Build configuration list for PBXNativeTarget "Unifood" */ = {
			isa = XCConfigurationList;
			buildConfigurations = (
				60A367682E09CEA5003C72BB /* Debug */,
				60A367692E09CEA5003C72BB /* Release */,
			);
			defaultConfigurationIsVisible = 0;
			defaultConfigurationName = Release;
		};
/* End XCConfigurationList section */
	};
	rootObject = 60A367512E09CEA4003C72BB /* Project object */;
}
